
Microsoft Visual Studio Solution File, Format Version 12.00
# Visual Studio Version 17
VisualStudioVersion = 17.1.32407.343
MinimumVisualStudioVersion = 10.0.40219.1
Project("{FAE04EC0-301F-11D3-BF4B-00C04F79EFBC}") = "RabbitMQSample", "RabbitMQSample\RabbitMQSample.csproj", "{48771DD9-ED74-49F6-A183-97F77C7EE167}"
EndProject
Project("{FAE04EC0-301F-11D3-BF4B-00C04F79EFBC}") = "RabbitMQ.Consumer", "RabbitMQ.Consumer\RabbitMQ.Consumer.csproj", "{1E13A36A-3017-4138-8FE5-4BC091D2806D}"
EndProject
Global
	GlobalSection(SolutionConfigurationPlatforms) = preSolution
		Debug|Any CPU = Debug|Any CPU
		Release|Any CPU = Release|Any CPU
	EndGlobalSection
	GlobalSection(ProjectConfigurationPlatforms) = postSolution
		{48771DD9-ED74-49F6-A183-97F77C7EE167}.Debug|Any CPU.ActiveCfg = Debug|Any CPU
		{48771DD9-ED74-49F6-A183-97F77C7EE167}.Debug|Any CPU.Build.0 = Debug|Any CPU
		{48771DD9-ED74-49F6-A183-97F77C7EE167}.Release|Any CPU.ActiveCfg = Release|Any CPU
		{48771DD9-ED74-49F6-A183-97F77C7EE167}.Release|Any CPU.Build.0 = Release|Any CPU
		{1E13A36A-3017-4138-8FE5-4BC091D2806D}.Debug|Any CPU.ActiveCfg = Debug|Any CPU
		{1E13A36A-3017-4138-8FE5-4BC091D2806D}.Debug|Any CPU.Build.0 = Debug|Any CPU
		{1E13A36A-3017-4138-8FE5-4BC091D2806D}.Release|Any CPU.ActiveCfg = Release|Any CPU
		{1E13A36A-3017-4138-8FE5-4BC091D2806D}.Release|Any CPU.Build.0 = Release|Any CPU
	EndGlobalSection
	GlobalSection(SolutionProperties) = preSolution
		HideSolutionNode = FALSE
	EndGlobalSection
	GlobalSection(ExtensibilityGlobals) = postSolution
		SolutionGuid = {325417A0-B4B0-484C-8442-012448795082}
	EndGlobalSection
EndGlobal
